<?xml version="1.0" encoding="utf-8"?>
<Project ToolsVersion="4.0" xmlns="http://schemas.microsoft.com/developer/msbuild/2003">
  <ItemGroup>
    <Filter Include="00.main">
      <UniqueIdentifier>{c8e0ce14-5f01-41d8-b705-3b5913627776}</UniqueIdentifier>
    </Filter>
    <Filter Include="01.CPractice">
      <UniqueIdentifier>{5fcf1c89-886c-496d-b02b-f0cec0a703a7}</UniqueIdentifier>
    </Filter>
    <Filter Include="97.DesignPattern">
      <UniqueIdentifier>{022d7468-b599-48f2-adf5-8a4e45257780}</UniqueIdentifier>
    </Filter>
    <Filter Include="98.Headers">
      <UniqueIdentifier>{35b8312d-ea07-4203-81ea-75e69211da71}</UniqueIdentifier>
    </Filter>
    <Filter Include="99.Default">
      <UniqueIdentifier>{63a1c404-23f3-4e8c-9184-b10b29897130}</UniqueIdentifier>
    </Filter>
    <Filter Include="99.Default\리소스 파일">
      <UniqueIdentifier>{67DA6AB6-F800-4c08-8B7A-83BB121AAD01}</UniqueIdentifier>
      <Extensions>rc;ico;cur;bmp;dlg;rc2;rct;bin;rgs;gif;jpg;jpeg;jpe;resx;tiff;tif;png;wav;mfcribbon-ms</Extensions>
    </Filter>
    <Filter Include="99.Default\소스 파일">
      <UniqueIdentifier>{4FC737F1-C7A5-4376-A066-2A32D752A2FF}</UniqueIdentifier>
      <Extensions>cpp;c;cc;cxx;c++;cppm;ixx;def;odl;idl;hpj;bat;asm;asmx</Extensions>
    </Filter>
    <Filter Include="99.Default\헤더 파일">
      <UniqueIdentifier>{93995380-89BD-4b04-88EB-625FBE52EBFB}</UniqueIdentifier>
      <Extensions>h;hh;hpp;hxx;h++;hm;inl;inc;ipp;xsd</Extensions>
    </Filter>
    <Filter Include="01.CPractice\00.CPractice_1">
      <UniqueIdentifier>{8cc49644-d63e-425b-9c2f-af7034284e83}</UniqueIdentifier>
    </Filter>
    <Filter Include="01.CPractice\02.CPractice_2">
      <UniqueIdentifier>{8345082c-4db2-4aa9-a994-e867f67ab695}</UniqueIdentifier>
    </Filter>
    <Filter Include="02.CTempFunction">
      <UniqueIdentifier>{b20ee1ea-0b9f-4807-9544-58d9f26c9a1e}</UniqueIdentifier>
    </Filter>
    <Filter Include="02.CTempFunction\00.CTempFunction_File">
      <UniqueIdentifier>{d9c477d4-5f49-4263-8a76-c01bc56f3f94}</UniqueIdentifier>
    </Filter>
    <Filter Include="02.CTempFunction\01.CTempFunction_CodingTest">
      <UniqueIdentifier>{235ef9ff-58b3-40c5-8950-27c54d78d7f9}</UniqueIdentifier>
    </Filter>
    <Filter Include="02.CTempFunction\02.CTempFunction_Server">
      <UniqueIdentifier>{189094b7-49fe-4468-912c-b1e02552198f}</UniqueIdentifier>
    </Filter>
  </ItemGroup>
  <ItemGroup>
    <ClCompile Include="main.cpp">
      <Filter>00.main</Filter>
    </ClCompile>
    <ClCompile Include="CPractice.cpp">
      <Filter>01.CPractice</Filter>
    </ClCompile>
    <ClCompile Include="CPracticeMgr.cpp">
      <Filter>97.DesignPattern</Filter>
    </ClCompile>
    <ClCompile Include="CPractice_1.cpp">
      <Filter>01.CPractice\00.CPractice_1</Filter>
    </ClCompile>
    <ClCompile Include="CPractice_2.cpp">
      <Filter>01.CPractice\02.CPractice_2</Filter>
    </ClCompile>
    <ClCompile Include="CTempFunctionMgr.cpp">
      <Filter>97.DesignPattern</Filter>
    </ClCompile>
    <ClCompile Include="CTempFunction.cpp">
      <Filter>02.CTempFunction</Filter>
    </ClCompile>
    <ClCompile Include="CTempFunction_File.cpp">
      <Filter>02.CTempFunction\00.CTempFunction_File</Filter>
    </ClCompile>
    <ClCompile Include="CTempFunction_CodingTest.cpp">
      <Filter>02.CTempFunction\01.CTempFunction_CodingTest</Filter>
    </ClCompile>
    <ClCompile Include="CTempFunction_Server.cpp">
      <Filter>02.CTempFunction\02.CTempFunction_Server</Filter>
    </ClCompile>
  </ItemGroup>
  <ItemGroup>
    <ClInclude Include="CPractice.h">
      <Filter>01.CPractice</Filter>
    </ClInclude>
    <ClInclude Include="CPracticeMgr.h">
      <Filter>97.DesignPattern</Filter>
    </ClInclude>
    <ClInclude Include="DEFINE_MGR.hpp">
      <Filter>97.DesignPattern</Filter>
    </ClInclude>
    <ClInclude Include="Enum.h">
      <Filter>98.Headers</Filter>
    </ClInclude>
    <ClInclude Include="Headers.h">
      <Filter>98.Headers</Filter>
    </ClInclude>
    <ClInclude Include="CIO.hpp">
      <Filter>98.Headers</Filter>
    </ClInclude>
    <ClInclude Include="KMP.h">
      <Filter>98.Headers</Filter>
    </ClInclude>
    <ClInclude Include="StringBuilder.h">
      <Filter>98.Headers</Filter>
    </ClInclude>
    <ClInclude Include="CPractice_1.h">
      <Filter>01.CPractice\00.CPractice_1</Filter>
    </ClInclude>
    <ClInclude Include="CFileMgr.hpp">
      <Filter>98.Headers</Filter>
    </ClInclude>
    <ClInclude Include="CFIOMgr.hpp">
      <Filter>98.Headers</Filter>
    </ClInclude>
    <ClInclude Include="CINIMgr.hpp">
      <Filter>98.Headers</Filter>
    </ClInclude>
    <ClInclude Include="CMyEtc.hpp">
      <Filter>98.Headers</Filter>
    </ClInclude>
    <ClInclude Include="CPractice_2.h">
      <Filter>01.CPractice\02.CPractice_2</Filter>
    </ClInclude>
    <ClInclude Include="CTempFunctionMgr.h">
      <Filter>97.DesignPattern</Filter>
    </ClInclude>
    <ClInclude Include="CTempFunction.h">
      <Filter>02.CTempFunction</Filter>
    </ClInclude>
    <ClInclude Include="CTempFunction_File.h">
      <Filter>02.CTempFunction\00.CTempFunction_File</Filter>
    </ClInclude>
    <ClInclude Include="CTempFunction_CodingTest.h">
      <Filter>02.CTempFunction\01.CTempFunction_CodingTest</Filter>
    </ClInclude>
    <ClInclude Include="CTempFunction_Server.h">
      <Filter>02.CTempFunction\02.CTempFunction_Server</Filter>
    </ClInclude>
  </ItemGroup>
</Project>