<?xml version="1.0" encoding="utf-8"?>
<Project ToolsVersion="4.0" xmlns="http://schemas.microsoft.com/developer/msbuild/2003">
  <ItemGroup>
    <Filter Include="00.main">
      <UniqueIdentifier>{c8e0ce14-5f01-41d8-b705-3b5913627776}</UniqueIdentifier>
    </Filter>
    <Filter Include="01.CPractice">
      <UniqueIdentifier>{5fcf1c89-886c-496d-b02b-f0cec0a703a7}</UniqueIdentifier>
    </Filter>
    <Filter Include="97.DesignPattern">
      <UniqueIdentifier>{022d7468-b599-48f2-adf5-8a4e45257780}</UniqueIdentifier>
    </Filter>
    <Filter Include="98.Headers">
      <UniqueIdentifier>{35b8312d-ea07-4203-81ea-75e69211da71}</UniqueIdentifier>
    </Filter>
    <Filter Include="99.Default">
      <UniqueIdentifier>{63a1c404-23f3-4e8c-9184-b10b29897130}</UniqueIdentifier>
    </Filter>
    <Filter Include="99.Default\리소스 파일">
      <UniqueIdentifier>{67DA6AB6-F800-4c08-8B7A-83BB121AAD01}</UniqueIdentifier>
      <Extensions>rc;ico;cur;bmp;dlg;rc2;rct;bin;rgs;gif;jpg;jpeg;jpe;resx;tiff;tif;png;wav;mfcribbon-ms</Extensions>
    </Filter>
    <Filter Include="99.Default\소스 파일">
      <UniqueIdentifier>{4FC737F1-C7A5-4376-A066-2A32D752A2FF}</UniqueIdentifier>
      <Extensions>cpp;c;cc;cxx;c++;cppm;ixx;def;odl;idl;hpj;bat;asm;asmx</Extensions>
    </Filter>
    <Filter Include="99.Default\헤더 파일">
      <UniqueIdentifier>{93995380-89BD-4b04-88EB-625FBE52EBFB}</UniqueIdentifier>
      <Extensions>h;hh;hpp;hxx;h++;hm;inl;inc;ipp;xsd</Extensions>
    </Filter>
    <Filter Include="01.CPractice\00.CPractice_1">
      <UniqueIdentifier>{8cc49644-d63e-425b-9c2f-af7034284e83}</UniqueIdentifier>
    </Filter>
    <Filter Include="01.CPractice\02.CPractice_2">
      <UniqueIdentifier>{8345082c-4db2-4aa9-a994-e867f67ab695}</UniqueIdentifier>
    </Filter>
    <Filter Include="02.CTempFunction">
      <UniqueIdentifier>{b20ee1ea-0b9f-4807-9544-58d9f26c9a1e}</UniqueIdentifier>
    </Filter>
    <Filter Include="02.CTempFunction\00.CTempFunction_File">
      <UniqueIdentifier>{d9c477d4-5f49-4263-8a76-c01bc56f3f94}</UniqueIdentifier>
    </Filter>
    <Filter Include="02.CTempFunction\01.CTempFunction_CodingTest">
      <UniqueIdentifier>{235ef9ff-58b3-40c5-8950-27c54d78d7f9}</UniqueIdentifier>
    </Filter>
    <Filter Include="02.CTempFunction\03.CTempFunction_Client">
      <UniqueIdentifier>{c667c93f-1f78-410b-a2bd-e2819af529f3}</UniqueIdentifier>
    </Filter>
    <Filter Include="02.CTempFunction\02.CTempFunction_Server">
      <UniqueIdentifier>{e5d62041-b18f-48c0-aaae-194d45ad24d2}</UniqueIdentifier>
    </Filter>
    <Filter Include="00.main\00.Console">
      <UniqueIdentifier>{4b46e99f-948a-4847-a196-1c61a6b388bd}</UniqueIdentifier>
    </Filter>
    <Filter Include="00.main\01.WinMain">
      <UniqueIdentifier>{ab937777-f81b-424b-95ab-ac5be7782f01}</UniqueIdentifier>
    </Filter>
    <Filter Include="98.Headers\00.CFileMgr">
      <UniqueIdentifier>{33e3de6d-5396-43a2-bf7f-9f4d61376725}</UniqueIdentifier>
    </Filter>
    <Filter Include="98.Headers\01.CFIOMgr">
      <UniqueIdentifier>{baf6751b-0d37-4fa4-9c62-94ffe47cf8e1}</UniqueIdentifier>
    </Filter>
    <Filter Include="98.Headers\02.CINIMgr">
      <UniqueIdentifier>{f6439e07-2281-4d09-9e69-92d4e5b30570}</UniqueIdentifier>
    </Filter>
    <Filter Include="98.Headers\03.KMP">
      <UniqueIdentifier>{ba5740f8-1839-47ea-9a0e-76ceda89419c}</UniqueIdentifier>
    </Filter>
    <Filter Include="98.Headers\04.CStringBuilder">
      <UniqueIdentifier>{d6e7ee65-01d7-46ca-bc37-b0a756f87aa5}</UniqueIdentifier>
    </Filter>
    <Filter Include="98.Headers\05.CMyEtc">
      <UniqueIdentifier>{2be3e9c4-ba74-4c21-9330-8fb3ac6521f3}</UniqueIdentifier>
    </Filter>
    <Filter Include="98.Headers\06.CIO">
      <UniqueIdentifier>{7f4d47aa-defa-4e57-963a-9c03b2158ffb}</UniqueIdentifier>
    </Filter>
    <Filter Include="03.CDataStructure">
      <UniqueIdentifier>{edace903-5101-4901-aa1c-258660ab9621}</UniqueIdentifier>
    </Filter>
    <Filter Include="03.CDataStructure\00.CForwardList">
      <UniqueIdentifier>{d252b353-2d80-44a3-ad43-d503567cbda4}</UniqueIdentifier>
    </Filter>
    <Filter Include="03.CDataStructure\01.CDoubleLinkedList">
      <UniqueIdentifier>{3f528010-3ebc-44f9-806c-f09b34f048e9}</UniqueIdentifier>
    </Filter>
    <Filter Include="98.Headers\07.CLogger">
      <UniqueIdentifier>{94d77953-1a2a-4ca0-b8c0-7c0e717d9393}</UniqueIdentifier>
    </Filter>
    <Filter Include="04.CAlgorithm">
      <UniqueIdentifier>{748dd51f-5692-460d-9b8a-2abcff420ca5}</UniqueIdentifier>
    </Filter>
    <Filter Include="96.CUnitTest">
      <UniqueIdentifier>{42a29c16-7553-438f-becb-f040fe906de1}</UniqueIdentifier>
    </Filter>
  </ItemGroup>
  <ItemGroup>
    <ClCompile Include="CPractice.cpp">
      <Filter>01.CPractice</Filter>
    </ClCompile>
    <ClCompile Include="CPracticeMgr.cpp">
      <Filter>97.DesignPattern</Filter>
    </ClCompile>
    <ClCompile Include="CPractice_1.cpp">
      <Filter>01.CPractice\00.CPractice_1</Filter>
    </ClCompile>
    <ClCompile Include="CPractice_2.cpp">
      <Filter>01.CPractice\02.CPractice_2</Filter>
    </ClCompile>
    <ClCompile Include="CTempFunctionMgr.cpp">
      <Filter>97.DesignPattern</Filter>
    </ClCompile>
    <ClCompile Include="CTempFunction.cpp">
      <Filter>02.CTempFunction</Filter>
    </ClCompile>
    <ClCompile Include="CTempFunction_File.cpp">
      <Filter>02.CTempFunction\00.CTempFunction_File</Filter>
    </ClCompile>
    <ClCompile Include="CTempFunction_CodingTest.cpp">
      <Filter>02.CTempFunction\01.CTempFunction_CodingTest</Filter>
    </ClCompile>
    <ClCompile Include="CTempFunction_Server.cpp">
      <Filter>02.CTempFunction\02.CTempFunction_Server</Filter>
    </ClCompile>
    <ClCompile Include="CTempFunction_Client.cpp">
      <Filter>02.CTempFunction\03.CTempFunction_Client</Filter>
    </ClCompile>
    <ClCompile Include="main.cpp">
      <Filter>00.main\00.Console</Filter>
    </ClCompile>
    <ClCompile Include="WinMain.cpp">
      <Filter>00.main\01.WinMain</Filter>
    </ClCompile>
    <ClCompile Include="CFileMgr.cpp">
      <Filter>98.Headers\00.CFileMgr</Filter>
    </ClCompile>
    <ClCompile Include="CFIOMgr.cpp">
      <Filter>98.Headers\01.CFIOMgr</Filter>
    </ClCompile>
    <ClCompile Include="CINIMgr.cpp">
      <Filter>98.Headers\02.CINIMgr</Filter>
    </ClCompile>
    <ClCompile Include="KMP.cpp">
      <Filter>98.Headers\03.KMP</Filter>
    </ClCompile>
    <ClCompile Include="StringBuilder.cpp">
      <Filter>98.Headers\04.CStringBuilder</Filter>
    </ClCompile>
    <ClCompile Include="CUnitTest.cpp">
      <Filter>96.CUnitTest</Filter>
    </ClCompile>
  </ItemGroup>
  <ItemGroup>
    <ClInclude Include="CPractice.h">
      <Filter>01.CPractice</Filter>
    </ClInclude>
    <ClInclude Include="CPracticeMgr.h">
      <Filter>97.DesignPattern</Filter>
    </ClInclude>
    <ClInclude Include="DEFINE_MGR.hpp">
      <Filter>97.DesignPattern</Filter>
    </ClInclude>
    <ClInclude Include="Enum.h">
      <Filter>98.Headers</Filter>
    </ClInclude>
    <ClInclude Include="Headers.h">
      <Filter>98.Headers</Filter>
    </ClInclude>
    <ClInclude Include="CPractice_1.h">
      <Filter>01.CPractice\00.CPractice_1</Filter>
    </ClInclude>
    <ClInclude Include="CPractice_2.h">
      <Filter>01.CPractice\02.CPractice_2</Filter>
    </ClInclude>
    <ClInclude Include="CTempFunctionMgr.h">
      <Filter>97.DesignPattern</Filter>
    </ClInclude>
    <ClInclude Include="CTempFunction.h">
      <Filter>02.CTempFunction</Filter>
    </ClInclude>
    <ClInclude Include="CTempFunction_File.h">
      <Filter>02.CTempFunction\00.CTempFunction_File</Filter>
    </ClInclude>
    <ClInclude Include="CTempFunction_CodingTest.h">
      <Filter>02.CTempFunction\01.CTempFunction_CodingTest</Filter>
    </ClInclude>
    <ClInclude Include="CTempFunction_Server.h">
      <Filter>02.CTempFunction\02.CTempFunction_Server</Filter>
    </ClInclude>
    <ClInclude Include="CTempFunction_Client.h">
      <Filter>02.CTempFunction\03.CTempFunction_Client</Filter>
    </ClInclude>
    <ClInclude Include="CFileMgr.hpp">
      <Filter>98.Headers\00.CFileMgr</Filter>
    </ClInclude>
    <ClInclude Include="CFIOMgr.hpp">
      <Filter>98.Headers\01.CFIOMgr</Filter>
    </ClInclude>
    <ClInclude Include="CINIMgr.hpp">
      <Filter>98.Headers\02.CINIMgr</Filter>
    </ClInclude>
    <ClInclude Include="KMP.h">
      <Filter>98.Headers\03.KMP</Filter>
    </ClInclude>
    <ClInclude Include="StringBuilder.h">
      <Filter>98.Headers\04.CStringBuilder</Filter>
    </ClInclude>
    <ClInclude Include="CMyEtc.hpp">
      <Filter>98.Headers\05.CMyEtc</Filter>
    </ClInclude>
    <ClInclude Include="CIO.hpp">
      <Filter>98.Headers\06.CIO</Filter>
    </ClInclude>
    <ClInclude Include="CForwardList.hpp">
      <Filter>03.CDataStructure\00.CForwardList</Filter>
    </ClInclude>
    <ClInclude Include="CDoubleLinkedList.hpp">
      <Filter>03.CDataStructure\01.CDoubleLinkedList</Filter>
    </ClInclude>
    <ClInclude Include="CLogger.hpp">
      <Filter>98.Headers\07.CLogger</Filter>
    </ClInclude>
    <ClInclude Include="CUnitTest.h">
      <Filter>96.CUnitTest</Filter>
    </ClInclude>
  </ItemGroup>
  <ItemGroup>
    <None Include="ClassDiagram.cd">
      <Filter>00.main</Filter>
    </None>
  </ItemGroup>
</Project>